// !$*UTF8*$!
{
	archiveVersion = 1;
	classes = {
	};
	objectVersion = 46;
	objects = {

/* Begin PBXBuildFile section */
		1A88B2641FC3D9C9005C14AE /* Images.xcassets in Resources */ = {isa = PBXBuildFile; fileRef = 1A88B2631FC3D9C9005C14AE /* Images.xcassets */; };
		1AC6FB21180E996B004C840B /* libcocos2d Mac.a in Frameworks */ = {isa = PBXBuildFile; fileRef = 1AC6FAF9180E9839004C840B /* libcocos2d Mac.a */; };
		1AC6FB30180E99EB004C840B /* libcocos2d iOS.a in Frameworks */ = {isa = PBXBuildFile; fileRef = 1AC6FB07180E9839004C840B /* libcocos2d iOS.a */; };
		1AF87B781F6F77F7007BE51C /* AppController.mm in Sources */ = {isa = PBXBuildFile; fileRef = 1AF87B481F6F77D6007BE51C /* AppController.mm */; };
		1AF87B881F6F781D007BE51C /* LaunchScreen.storyboard in Resources */ = {isa = PBXBuildFile; fileRef = 1AF87B591F6F77D6007BE51C /* LaunchScreen.storyboard */; };
		1AF87B891F6F781D007BE51C /* LaunchScreenBackground.png in Resources */ = {isa = PBXBuildFile; fileRef = 1AF87B5A1F6F77D6007BE51C /* LaunchScreenBackground.png */; };
		1AF87B8A1F6F7822007BE51C /* main.m in Sources */ = {isa = PBXBuildFile; fileRef = 1AF87B5B1F6F77D6007BE51C /* main.m */; };
		1AF87B8B1F6F782A007BE51C /* RootViewController.mm in Sources */ = {isa = PBXBuildFile; fileRef = 1AF87B5E1F6F77D6007BE51C /* RootViewController.mm */; };
		1D60589F0D05DD5A006BFB54 /* Foundation.framework in Frameworks */ = {isa = PBXBuildFile; fileRef = 1D30AB110D05D00D00671497 /* Foundation.framework */; };
		1DF5F4E00D08C38300B7A737 /* UIKit.framework in Frameworks */ = {isa = PBXBuildFile; fileRef = 1DF5F4DF0D08C38300B7A737 /* UIKit.framework */; };
		288765A50DF7441C002DB57D /* CoreGraphics.framework in Frameworks */ = {isa = PBXBuildFile; fileRef = 288765A40DF7441C002DB57D /* CoreGraphics.framework */; };
		294D0D641D0D56D500F7F5D4 /* CoreText.framework in Frameworks */ = {isa = PBXBuildFile; fileRef = 294D0D631D0D56D500F7F5D4 /* CoreText.framework */; };
		503AE0F817EB97AB00D1A890 /* Icon.icns in Resources */ = {isa = PBXBuildFile; fileRef = 503AE0F617EB97AB00D1A890 /* Icon.icns */; };
		503AE10517EB98FF00D1A890 /* main.cpp in Sources */ = {isa = PBXBuildFile; fileRef = 503AE10317EB98FF00D1A890 /* main.cpp */; };
		503AE11B17EB9C5A00D1A890 /* IOKit.framework in Frameworks */ = {isa = PBXBuildFile; fileRef = 503AE11A17EB9C5A00D1A890 /* IOKit.framework */; };
		5087E76317EB910900C73F5D /* Foundation.framework in Frameworks */ = {isa = PBXBuildFile; fileRef = 1D30AB110D05D00D00671497 /* Foundation.framework */; };
		5087E76717EB910900C73F5D /* libz.dylib in Frameworks */ = {isa = PBXBuildFile; fileRef = BF170DB412928DE900B8313A /* libz.dylib */; };
		5087E76817EB910900C73F5D /* QuartzCore.framework in Frameworks */ = {isa = PBXBuildFile; fileRef = BF1C47EA1293683800B63C5D /* QuartzCore.framework */; };
		5087E76917EB910900C73F5D /* OpenAL.framework in Frameworks */ = {isa = PBXBuildFile; fileRef = D44C620B132DFF330009C878 /* OpenAL.framework */; };
		5087E76A17EB910900C73F5D /* AVFoundation.framework in Frameworks */ = {isa = PBXBuildFile; fileRef = D44C620D132DFF430009C878 /* AVFoundation.framework */; };
		5087E76B17EB910900C73F5D /* AudioToolbox.framework in Frameworks */ = {isa = PBXBuildFile; fileRef = D44C620F132DFF4E0009C878 /* AudioToolbox.framework */; };
		5087E78917EB974C00C73F5D /* AppKit.framework in Frameworks */ = {isa = PBXBuildFile; fileRef = 5087E78817EB974C00C73F5D /* AppKit.framework */; };
		5087E78B17EB975400C73F5D /* OpenGL.framework in Frameworks */ = {isa = PBXBuildFile; fileRef = 5087E78A17EB975400C73F5D /* OpenGL.framework */; };
		52B47A471A53D09C004E4C60 /* Security.framework in Frameworks */ = {isa = PBXBuildFile; fileRef = 52B47A461A53D09B004E4C60 /* Security.framework */; };
		80C994022141D42B00C10E96 /* sqlite3.c in Sources */ = {isa = PBXBuildFile; fileRef = 80C993A62141D42A00C10E96 /* sqlite3.c */; };
		80C994032141D42B00C10E96 /* sqlite3.c in Sources */ = {isa = PBXBuildFile; fileRef = 80C993A62141D42A00C10E96 /* sqlite3.c */; };
		80C994042141D42B00C10E96 /* README.mkdn in Resources */ = {isa = PBXBuildFile; fileRef = 80C993AB2141D42A00C10E96 /* README.mkdn */; };
		80C994052141D42B00C10E96 /* README.mkdn in Resources */ = {isa = PBXBuildFile; fileRef = 80C993AB2141D42A00C10E96 /* README.mkdn */; };
		80C994062141D42B00C10E96 /* ResultScene.cpp in Sources */ = {isa = PBXBuildFile; fileRef = 80C993AE2141D42A00C10E96 /* ResultScene.cpp */; };
		80C994072141D42B00C10E96 /* ResultScene.cpp in Sources */ = {isa = PBXBuildFile; fileRef = 80C993AE2141D42A00C10E96 /* ResultScene.cpp */; };
		80C994082141D42B00C10E96 /* BattleCharSprite.cpp in Sources */ = {isa = PBXBuildFile; fileRef = 80C993B42141D42A00C10E96 /* BattleCharSprite.cpp */; };
		80C994092141D42B00C10E96 /* BattleCharSprite.cpp in Sources */ = {isa = PBXBuildFile; fileRef = 80C993B42141D42A00C10E96 /* BattleCharSprite.cpp */; };
		80C9940A2141D42B00C10E96 /* PuzzleGameScene.cpp in Sources */ = {isa = PBXBuildFile; fileRef = 80C993B52141D42A00C10E96 /* PuzzleGameScene.cpp */; };
		80C9940B2141D42B00C10E96 /* PuzzleGameScene.cpp in Sources */ = {isa = PBXBuildFile; fileRef = 80C993B52141D42A00C10E96 /* PuzzleGameScene.cpp */; };
		80C9940C2141D42B00C10E96 /* BattleCharIconSprite.cpp in Sources */ = {isa = PBXBuildFile; fileRef = 80C993B62141D42A00C10E96 /* BattleCharIconSprite.cpp */; };
		80C9940D2141D42B00C10E96 /* BattleCharIconSprite.cpp in Sources */ = {isa = PBXBuildFile; fileRef = 80C993B62141D42A00C10E96 /* BattleCharIconSprite.cpp */; };
		80C9940E2141D42B00C10E96 /* BattleChar.cpp in Sources */ = {isa = PBXBuildFile; fileRef = 80C993B82141D42A00C10E96 /* BattleChar.cpp */; };
		80C9940F2141D42B00C10E96 /* BattleChar.cpp in Sources */ = {isa = PBXBuildFile; fileRef = 80C993B82141D42A00C10E96 /* BattleChar.cpp */; };
		80C994102141D42B00C10E96 /* PuzzleSprite.cpp in Sources */ = {isa = PBXBuildFile; fileRef = 80C993B92141D42A00C10E96 /* PuzzleSprite.cpp */; };
		80C994112141D42B00C10E96 /* PuzzleSprite.cpp in Sources */ = {isa = PBXBuildFile; fileRef = 80C993B92141D42A00C10E96 /* PuzzleSprite.cpp */; };
		80C994122141D42B00C10E96 /* TitleScene.cpp in Sources */ = {isa = PBXBuildFile; fileRef = 80C993BC2141D42A00C10E96 /* TitleScene.cpp */; };
		80C994132141D42B00C10E96 /* TitleScene.cpp in Sources */ = {isa = PBXBuildFile; fileRef = 80C993BC2141D42A00C10E96 /* TitleScene.cpp */; };
		80C994142141D42B00C10E96 /* MenuLayer.cpp in Sources */ = {isa = PBXBuildFile; fileRef = 80C993BF2141D42A00C10E96 /* MenuLayer.cpp */; };
		80C994152141D42B00C10E96 /* MenuLayer.cpp in Sources */ = {isa = PBXBuildFile; fileRef = 80C993BF2141D42A00C10E96 /* MenuLayer.cpp */; };
		80C994162141D42B00C10E96 /* PartyScene.cpp in Sources */ = {isa = PBXBuildFile; fileRef = 80C993C12141D42A00C10E96 /* PartyScene.cpp */; };
		80C994172141D42B00C10E96 /* PartyScene.cpp in Sources */ = {isa = PBXBuildFile; fileRef = 80C993C12141D42A00C10E96 /* PartyScene.cpp */; };
		80C994182141D42B00C10E96 /* OtherScene.cpp in Sources */ = {isa = PBXBuildFile; fileRef = 80C993C52141D42A00C10E96 /* OtherScene.cpp */; };
		80C994192141D42B00C10E96 /* OtherScene.cpp in Sources */ = {isa = PBXBuildFile; fileRef = 80C993C52141D42A00C10E96 /* OtherScene.cpp */; };
		80C9941A2141D42B00C10E96 /* MypageScene.cpp in Sources */ = {isa = PBXBuildFile; fileRef = 80C993C92141D42A00C10E96 /* MypageScene.cpp */; };
		80C9941B2141D42B00C10E96 /* MypageScene.cpp in Sources */ = {isa = PBXBuildFile; fileRef = 80C993C92141D42A00C10E96 /* MypageScene.cpp */; };
		80C9941C2141D42B00C10E96 /* QuestScene.cpp in Sources */ = {isa = PBXBuildFile; fileRef = 80C993CB2141D42A00C10E96 /* QuestScene.cpp */; };
		80C9941D2141D42B00C10E96 /* QuestScene.cpp in Sources */ = {isa = PBXBuildFile; fileRef = 80C993CB2141D42A00C10E96 /* QuestScene.cpp */; };
		80C9941E2141D42B00C10E96 /* EvolutionScene.cpp in Sources */ = {isa = PBXBuildFile; fileRef = 80C993CF2141D42A00C10E96 /* EvolutionScene.cpp */; };
		80C9941F2141D42B00C10E96 /* EvolutionScene.cpp in Sources */ = {isa = PBXBuildFile; fileRef = 80C993CF2141D42A00C10E96 /* EvolutionScene.cpp */; };
		80C994202141D42B00C10E96 /* SyntheticScene.cpp in Sources */ = {isa = PBXBuildFile; fileRef = 80C993D22141D42A00C10E96 /* SyntheticScene.cpp */; };
		80C994212141D42B00C10E96 /* SyntheticScene.cpp in Sources */ = {isa = PBXBuildFile; fileRef = 80C993D22141D42A00C10E96 /* SyntheticScene.cpp */; };
		80C994222141D42B00C10E96 /* CharSelectSprite.cpp in Sources */ = {isa = PBXBuildFile; fileRef = 80C993D52141D42A00C10E96 /* CharSelectSprite.cpp */; };
		80C994232141D42B00C10E96 /* CharSelectSprite.cpp in Sources */ = {isa = PBXBuildFile; fileRef = 80C993D52141D42A00C10E96 /* CharSelectSprite.cpp */; };
		80C994242141D42B00C10E96 /* CharSelectIconSprite.cpp in Sources */ = {isa = PBXBuildFile; fileRef = 80C993D62141D42A00C10E96 /* CharSelectIconSprite.cpp */; };
		80C994252141D42B00C10E96 /* CharSelectIconSprite.cpp in Sources */ = {isa = PBXBuildFile; fileRef = 80C993D62141D42A00C10E96 /* CharSelectIconSprite.cpp */; };
		80C994262141D42B00C10E96 /* CharselectScene.cpp in Sources */ = {isa = PBXBuildFile; fileRef = 80C993D82141D42A00C10E96 /* CharselectScene.cpp */; };
		80C994272141D42B00C10E96 /* CharselectScene.cpp in Sources */ = {isa = PBXBuildFile; fileRef = 80C993D82141D42A00C10E96 /* CharselectScene.cpp */; };
		80C9942A2141D42B00C10E96 /* UserOptionData.cpp in Sources */ = {isa = PBXBuildFile; fileRef = 80C993DC2141D42B00C10E96 /* UserOptionData.cpp */; };
		80C9942B2141D42B00C10E96 /* UserOptionData.cpp in Sources */ = {isa = PBXBuildFile; fileRef = 80C993DC2141D42B00C10E96 /* UserOptionData.cpp */; };
		80C9942C2141D42B00C10E96 /* MapData.cpp in Sources */ = {isa = PBXBuildFile; fileRef = 80C993DF2141D42B00C10E96 /* MapData.cpp */; };
		80C9942D2141D42B00C10E96 /* MapData.cpp in Sources */ = {isa = PBXBuildFile; fileRef = 80C993DF2141D42B00C10E96 /* MapData.cpp */; };
		80C9942E2141D42B00C10E96 /* CharData.cpp in Sources */ = {isa = PBXBuildFile; fileRef = 80C993E02141D42B00C10E96 /* CharData.cpp */; };
		80C9942F2141D42B00C10E96 /* CharData.cpp in Sources */ = {isa = PBXBuildFile; fileRef = 80C993E02141D42B00C10E96 /* CharData.cpp */; };
		80C994302141D42B00C10E96 /* GameDataSQL.cpp in Sources */ = {isa = PBXBuildFile; fileRef = 80C993E42141D42B00C10E96 /* GameDataSQL.cpp */; };
		80C994312141D42B00C10E96 /* GameDataSQL.cpp in Sources */ = {isa = PBXBuildFile; fileRef = 80C993E42141D42B00C10E96 /* GameDataSQL.cpp */; };
		80C994322141D42B00C10E96 /* AppDelegate.cpp in Sources */ = {isa = PBXBuildFile; fileRef = 80C993E52141D42B00C10E96 /* AppDelegate.cpp */; };
		80C994332141D42B00C10E96 /* AppDelegate.cpp in Sources */ = {isa = PBXBuildFile; fileRef = 80C993E52141D42B00C10E96 /* AppDelegate.cpp */; };
		80C994342141D42B00C10E96 /* AppInitalizer.cpp in Sources */ = {isa = PBXBuildFile; fileRef = 80C993E92141D42B00C10E96 /* AppInitalizer.cpp */; };
		80C994352141D42B00C10E96 /* AppInitalizer.cpp in Sources */ = {isa = PBXBuildFile; fileRef = 80C993E92141D42B00C10E96 /* AppInitalizer.cpp */; };
		80C994362141D42B00C10E96 /* Converter.cpp in Sources */ = {isa = PBXBuildFile; fileRef = 80C993EB2141D42B00C10E96 /* Converter.cpp */; };
		80C994372141D42B00C10E96 /* Converter.cpp in Sources */ = {isa = PBXBuildFile; fileRef = 80C993EB2141D42B00C10E96 /* Converter.cpp */; };
		80C994382141D42B00C10E96 /* VisibleRect.cpp in Sources */ = {isa = PBXBuildFile; fileRef = 80C993EE2141D42B00C10E96 /* VisibleRect.cpp */; };
		80C994392141D42B00C10E96 /* VisibleRect.cpp in Sources */ = {isa = PBXBuildFile; fileRef = 80C993EE2141D42B00C10E96 /* VisibleRect.cpp */; };
		80C9943A2141D42B00C10E96 /* ModalLayer.cpp in Sources */ = {isa = PBXBuildFile; fileRef = 80C993F12141D42B00C10E96 /* ModalLayer.cpp */; };
		80C9943B2141D42B00C10E96 /* ModalLayer.cpp in Sources */ = {isa = PBXBuildFile; fileRef = 80C993F12141D42B00C10E96 /* ModalLayer.cpp */; };
		80C9943C2141D42B00C10E96 /* Controller.cpp in Sources */ = {isa = PBXBuildFile; fileRef = 80C993F82141D42B00C10E96 /* Controller.cpp */; };
		80C9943D2141D42B00C10E96 /* Controller.cpp in Sources */ = {isa = PBXBuildFile; fileRef = 80C993F82141D42B00C10E96 /* Controller.cpp */; };
		80C9943E2141D42B00C10E96 /* BaseTest.cpp in Sources */ = {isa = PBXBuildFile; fileRef = 80C993F92141D42B00C10E96 /* BaseTest.cpp */; };
		80C9943F2141D42B00C10E96 /* BaseTest.cpp in Sources */ = {isa = PBXBuildFile; fileRef = 80C993F92141D42B00C10E96 /* BaseTest.cpp */; };
		80C994402141D42B00C10E96 /* MathHelper.cpp in Sources */ = {isa = PBXBuildFile; fileRef = 80C993FD2141D42B00C10E96 /* MathHelper.cpp */; };
		80C994412141D42B00C10E96 /* MathHelper.cpp in Sources */ = {isa = PBXBuildFile; fileRef = 80C993FD2141D42B00C10E96 /* MathHelper.cpp */; };
		80C994422141D42B00C10E96 /* README.md in Resources */ = {isa = PBXBuildFile; fileRef = 80C994002141D42B00C10E96 /* README.md */; };
		80C994432141D42B00C10E96 /* README.md in Resources */ = {isa = PBXBuildFile; fileRef = 80C994002141D42B00C10E96 /* README.md */; };
		80C994442141D42B00C10E96 /* AudioManager.cpp in Sources */ = {isa = PBXBuildFile; fileRef = 80C994012141D42B00C10E96 /* AudioManager.cpp */; };
		80C994452141D42B00C10E96 /* AudioManager.cpp in Sources */ = {isa = PBXBuildFile; fileRef = 80C994012141D42B00C10E96 /* AudioManager.cpp */; };
		80C9944F2141D47000C10E96 /* fonts in Resources */ = {isa = PBXBuildFile; fileRef = 80C994472141D46F00C10E96 /* fonts */; };
		80C994502141D47000C10E96 /* fonts in Resources */ = {isa = PBXBuildFile; fileRef = 80C994472141D46F00C10E96 /* fonts */; };
		80C994512141D47000C10E96 /* master in Resources */ = {isa = PBXBuildFile; fileRef = 80C994482141D46F00C10E96 /* master */; };
		80C994522141D47000C10E96 /* master in Resources */ = {isa = PBXBuildFile; fileRef = 80C994482141D46F00C10E96 /* master */; };
		80C994532141D47000C10E96 /* res in Resources */ = {isa = PBXBuildFile; fileRef = 80C994492141D46F00C10E96 /* res */; };
		80C994542141D47000C10E96 /* res in Resources */ = {isa = PBXBuildFile; fileRef = 80C994492141D46F00C10E96 /* res */; };
		80C994552141D47000C10E96 /* asset in Resources */ = {isa = PBXBuildFile; fileRef = 80C9944A2141D46F00C10E96 /* asset */; };
		80C994562141D47000C10E96 /* asset in Resources */ = {isa = PBXBuildFile; fileRef = 80C9944A2141D46F00C10E96 /* asset */; };
		80C994572141D47000C10E96 /* system in Resources */ = {isa = PBXBuildFile; fileRef = 80C9944B2141D46F00C10E96 /* system */; };
		80C994582141D47000C10E96 /* system in Resources */ = {isa = PBXBuildFile; fileRef = 80C9944B2141D46F00C10E96 /* system */; };
		80C994592141D47000C10E96 /* sound in Resources */ = {isa = PBXBuildFile; fileRef = 80C9944C2141D47000C10E96 /* sound */; };
		80C9945A2141D47000C10E96 /* sound in Resources */ = {isa = PBXBuildFile; fileRef = 80C9944C2141D47000C10E96 /* sound */; };
		80C9946B2141D52E00C10E96 /* libluacocos2d Mac.a in Frameworks */ = {isa = PBXBuildFile; fileRef = 80C994622141D4BF00C10E96 /* libluacocos2d Mac.a */; };
		80C9946C2141D53B00C10E96 /* libluacocos2d iOS.a in Frameworks */ = {isa = PBXBuildFile; fileRef = 80C994642141D4BF00C10E96 /* libluacocos2d iOS.a */; };
		8262943E1AAF051F00CB7CF7 /* Security.framework in Frameworks */ = {isa = PBXBuildFile; fileRef = 8262943D1AAF051F00CB7CF7 /* Security.framework */; };
		BF171245129291EC00B8313A /* OpenGLES.framework in Frameworks */ = {isa = PBXBuildFile; fileRef = BF170DB012928DE900B8313A /* OpenGLES.framework */; };
		BF1712471292920000B8313A /* libz.dylib in Frameworks */ = {isa = PBXBuildFile; fileRef = BF170DB412928DE900B8313A /* libz.dylib */; };
		BF1C47F01293687400B63C5D /* QuartzCore.framework in Frameworks */ = {isa = PBXBuildFile; fileRef = BF1C47EA1293683800B63C5D /* QuartzCore.framework */; };
		D44C620C132DFF330009C878 /* OpenAL.framework in Frameworks */ = {isa = PBXBuildFile; fileRef = D44C620B132DFF330009C878 /* OpenAL.framework */; };
		D44C620E132DFF430009C878 /* AVFoundation.framework in Frameworks */ = {isa = PBXBuildFile; fileRef = D44C620D132DFF430009C878 /* AVFoundation.framework */; };
		D44C6210132DFF4E0009C878 /* AudioToolbox.framework in Frameworks */ = {isa = PBXBuildFile; fileRef = D44C620F132DFF4E0009C878 /* AudioToolbox.framework */; };
		D6B0611B1803AB670077942B /* CoreMotion.framework in Frameworks */ = {isa = PBXBuildFile; fileRef = D6B0611A1803AB670077942B /* CoreMotion.framework */; };
		ED545A7C1B68A1F400C3958E /* libiconv.dylib in Frameworks */ = {isa = PBXBuildFile; fileRef = ED545A7B1B68A1F400C3958E /* libiconv.dylib */; };
		ED545A7E1B68A1FA00C3958E /* libiconv.dylib in Frameworks */ = {isa = PBXBuildFile; fileRef = ED545A7D1B68A1FA00C3958E /* libiconv.dylib */; };
/* End PBXBuildFile section */

/* Begin PBXContainerItemProxy section */
		1A7533E21F6F75F6007E8E6F /* PBXContainerItemProxy */ = {
			isa = PBXContainerItemProxy;
			containerPortal = 1AC6FAE5180E9839004C840B /* cocos2d_libs.xcodeproj */;
			proxyType = 2;
			remoteGlobalIDString = 507B40FD1C31BDD30067B53E;
			remoteInfo = "libcocos2d tvOS";
		};
		1AC6FAF8180E9839004C840B /* PBXContainerItemProxy */ = {
			isa = PBXContainerItemProxy;
			containerPortal = 1AC6FAE5180E9839004C840B /* cocos2d_libs.xcodeproj */;
			proxyType = 2;
			remoteGlobalIDString = 1551A33F158F2AB200E66CFE;
			remoteInfo = "cocos2dx Mac";
		};
		1AC6FB06180E9839004C840B /* PBXContainerItemProxy */ = {
			isa = PBXContainerItemProxy;
			containerPortal = 1AC6FAE5180E9839004C840B /* cocos2d_libs.xcodeproj */;
			proxyType = 2;
			remoteGlobalIDString = A07A4D641783777C0073F6A7;
			remoteInfo = "cocos2dx iOS";
		};
		1AC6FB15180E9959004C840B /* PBXContainerItemProxy */ = {
			isa = PBXContainerItemProxy;
			containerPortal = 1AC6FAE5180E9839004C840B /* cocos2d_libs.xcodeproj */;
			proxyType = 1;
			remoteGlobalIDString = 1551A33E158F2AB200E66CFE;
			remoteInfo = "cocos2dx Mac";
		};
		1AC6FB24180E99E1004C840B /* PBXContainerItemProxy */ = {
			isa = PBXContainerItemProxy;
			containerPortal = 1AC6FAE5180E9839004C840B /* cocos2d_libs.xcodeproj */;
			proxyType = 1;
			remoteGlobalIDString = A07A4C241783777C0073F6A7;
			remoteInfo = "cocos2dx iOS";
		};
		80C994612141D4BF00C10E96 /* PBXContainerItemProxy */ = {
			isa = PBXContainerItemProxy;
			containerPortal = 80C9945B2141D4BF00C10E96 /* cocos2d_lua_bindings.xcodeproj */;
			proxyType = 2;
			remoteGlobalIDString = 15C1C2CC198748D200A46ACC;
			remoteInfo = "libluacocos2d Mac";
		};
		80C994632141D4BF00C10E96 /* PBXContainerItemProxy */ = {
			isa = PBXContainerItemProxy;
			containerPortal = 80C9945B2141D4BF00C10E96 /* cocos2d_lua_bindings.xcodeproj */;
			proxyType = 2;
			remoteGlobalIDString = 15EFA616198B2DAA000C57D3;
			remoteInfo = "libluacocos2d iOS";
		};
		80C994652141D4BF00C10E96 /* PBXContainerItemProxy */ = {
			isa = PBXContainerItemProxy;
			containerPortal = 80C9945B2141D4BF00C10E96 /* cocos2d_lua_bindings.xcodeproj */;
			proxyType = 2;
			remoteGlobalIDString = 507B43531C31FA0C0067B53E;
			remoteInfo = "libluacocos2d tvOS";
		};
		80C994672141D50500C10E96 /* PBXContainerItemProxy */ = {
			isa = PBXContainerItemProxy;
			containerPortal = 80C9945B2141D4BF00C10E96 /* cocos2d_lua_bindings.xcodeproj */;
			proxyType = 1;
			remoteGlobalIDString = 15EFA59E198B2DAA000C57D3;
			remoteInfo = "libluacocos2d iOS";
		};
		80C994692141D50F00C10E96 /* PBXContainerItemProxy */ = {
			isa = PBXContainerItemProxy;
			containerPortal = 80C9945B2141D4BF00C10E96 /* cocos2d_lua_bindings.xcodeproj */;
			proxyType = 1;
			remoteGlobalIDString = 15C1C255198748D200A46ACC;
			remoteInfo = "libluacocos2d Mac";
		};
/* End PBXContainerItemProxy section */

/* Begin PBXFileReference section */
		1A88B2631FC3D9C9005C14AE /* Images.xcassets */ = {isa = PBXFileReference; lastKnownFileType = folder.assetcatalog; path = Images.xcassets; sourceTree = "<group>"; };
		1AC6FAE5180E9839004C840B /* cocos2d_libs.xcodeproj */ = {isa = PBXFileReference; lastKnownFileType = "wrapper.pb-project"; name = cocos2d_libs.xcodeproj; path = ../cocos2d/build/cocos2d_libs.xcodeproj; sourceTree = "<group>"; };
		1ACB3243164770DE00914215 /* libcurl.a */ = {isa = PBXFileReference; lastKnownFileType = archive.ar; name = libcurl.a; path = ../../cocos2dx/platform/third_party/ios/libraries/libcurl.a; sourceTree = "<group>"; };
		1AF87B471F6F77D6007BE51C /* AppController.h */ = {isa = PBXFileReference; lastKnownFileType = sourcecode.c.h; path = AppController.h; sourceTree = "<group>"; };
		1AF87B481F6F77D6007BE51C /* AppController.mm */ = {isa = PBXFileReference; lastKnownFileType = sourcecode.cpp.objcpp; path = AppController.mm; sourceTree = "<group>"; };
		1AF87B581F6F77D6007BE51C /* Info.plist */ = {isa = PBXFileReference; lastKnownFileType = text.plist.xml; path = Info.plist; sourceTree = "<group>"; };
		1AF87B591F6F77D6007BE51C /* LaunchScreen.storyboard */ = {isa = PBXFileReference; lastKnownFileType = file.storyboard; path = LaunchScreen.storyboard; sourceTree = "<group>"; };
		1AF87B5A1F6F77D6007BE51C /* LaunchScreenBackground.png */ = {isa = PBXFileReference; lastKnownFileType = image.png; path = LaunchScreenBackground.png; sourceTree = "<group>"; };
		1AF87B5B1F6F77D6007BE51C /* main.m */ = {isa = PBXFileReference; lastKnownFileType = sourcecode.c.objc; path = main.m; sourceTree = "<group>"; };
		1AF87B5C1F6F77D6007BE51C /* Prefix.pch */ = {isa = PBXFileReference; lastKnownFileType = sourcecode.c.h; path = Prefix.pch; sourceTree = "<group>"; };
		1AF87B5D1F6F77D6007BE51C /* RootViewController.h */ = {isa = PBXFileReference; lastKnownFileType = sourcecode.c.h; path = RootViewController.h; sourceTree = "<group>"; };
		1AF87B5E1F6F77D6007BE51C /* RootViewController.mm */ = {isa = PBXFileReference; lastKnownFileType = sourcecode.cpp.objcpp; path = RootViewController.mm; sourceTree = "<group>"; };
		1D30AB110D05D00D00671497 /* Foundation.framework */ = {isa = PBXFileReference; lastKnownFileType = wrapper.framework; name = Foundation.framework; path = System/Library/Frameworks/Foundation.framework; sourceTree = SDKROOT; };
		1D6058910D05DD3D006BFB54 /* PuzzleRPG-mobile.app */ = {isa = PBXFileReference; explicitFileType = wrapper.application; includeInIndex = 0; path = "PuzzleRPG-mobile.app"; sourceTree = BUILT_PRODUCTS_DIR; };
		1DF5F4DF0D08C38300B7A737 /* UIKit.framework */ = {isa = PBXFileReference; lastKnownFileType = wrapper.framework; name = UIKit.framework; path = System/Library/Frameworks/UIKit.framework; sourceTree = SDKROOT; };
		288765A40DF7441C002DB57D /* CoreGraphics.framework */ = {isa = PBXFileReference; lastKnownFileType = wrapper.framework; name = CoreGraphics.framework; path = System/Library/Frameworks/CoreGraphics.framework; sourceTree = SDKROOT; };
		294D0D631D0D56D500F7F5D4 /* CoreText.framework */ = {isa = PBXFileReference; lastKnownFileType = wrapper.framework; name = CoreText.framework; path = Platforms/iPhoneOS.platform/Developer/SDKs/iPhoneOS.sdk/System/Library/Frameworks/CoreText.framework; sourceTree = DEVELOPER_DIR; };
		503AE0F617EB97AB00D1A890 /* Icon.icns */ = {isa = PBXFileReference; lastKnownFileType = image.icns; path = Icon.icns; sourceTree = "<group>"; };
		503AE0F717EB97AB00D1A890 /* Info.plist */ = {isa = PBXFileReference; fileEncoding = 4; lastKnownFileType = text.plist.xml; path = Info.plist; sourceTree = "<group>"; };
		503AE10317EB98FF00D1A890 /* main.cpp */ = {isa = PBXFileReference; fileEncoding = 4; lastKnownFileType = sourcecode.cpp.cpp; name = main.cpp; path = mac/main.cpp; sourceTree = "<group>"; };
		503AE10417EB98FF00D1A890 /* Prefix.pch */ = {isa = PBXFileReference; fileEncoding = 4; lastKnownFileType = sourcecode.c.h; name = Prefix.pch; path = mac/Prefix.pch; sourceTree = "<group>"; };
		503AE11117EB99EE00D1A890 /* libcurl.dylib */ = {isa = PBXFileReference; lastKnownFileType = "compiled.mach-o.dylib"; name = libcurl.dylib; path = usr/lib/libcurl.dylib; sourceTree = SDKROOT; };
		503AE11A17EB9C5A00D1A890 /* IOKit.framework */ = {isa = PBXFileReference; lastKnownFileType = wrapper.framework; name = IOKit.framework; path = System/Library/Frameworks/IOKit.framework; sourceTree = SDKROOT; };
		5087E76F17EB910900C73F5D /* PuzzleRPG-desktop.app */ = {isa = PBXFileReference; explicitFileType = wrapper.application; includeInIndex = 0; path = "PuzzleRPG-desktop.app"; sourceTree = BUILT_PRODUCTS_DIR; };
		5087E78817EB974C00C73F5D /* AppKit.framework */ = {isa = PBXFileReference; lastKnownFileType = wrapper.framework; name = AppKit.framework; path = System/Library/Frameworks/AppKit.framework; sourceTree = SDKROOT; };
		5087E78A17EB975400C73F5D /* OpenGL.framework */ = {isa = PBXFileReference; lastKnownFileType = wrapper.framework; name = OpenGL.framework; path = System/Library/Frameworks/OpenGL.framework; sourceTree = SDKROOT; };
		52B47A461A53D09B004E4C60 /* Security.framework */ = {isa = PBXFileReference; lastKnownFileType = wrapper.framework; name = Security.framework; path = Platforms/iPhoneOS.platform/Developer/SDKs/iPhoneOS.sdk/System/Library/Frameworks/Security.framework; sourceTree = DEVELOPER_DIR; };
		80C993A32141D42A00C10E96 /* AppDelegate.h */ = {isa = PBXFileReference; fileEncoding = 4; lastKnownFileType = sourcecode.c.h; path = AppDelegate.h; sourceTree = "<group>"; };
		80C993A62141D42A00C10E96 /* sqlite3.c */ = {isa = PBXFileReference; fileEncoding = 4; lastKnownFileType = sourcecode.c.c; path = sqlite3.c; sourceTree = "<group>"; };
		80C993A72141D42A00C10E96 /* sqlite3.h */ = {isa = PBXFileReference; fileEncoding = 4; lastKnownFileType = sourcecode.c.h; path = sqlite3.h; sourceTree = "<group>"; };
		80C993A82141D42A00C10E96 /* sqlite3ext.h */ = {isa = PBXFileReference; fileEncoding = 4; lastKnownFileType = sourcecode.c.h; path = sqlite3ext.h; sourceTree = "<group>"; };
		80C993AA2141D42A00C10E96 /* picojson.h */ = {isa = PBXFileReference; fileEncoding = 4; lastKnownFileType = sourcecode.c.h; path = picojson.h; sourceTree = "<group>"; };
		80C993AB2141D42A00C10E96 /* README.mkdn */ = {isa = PBXFileReference; fileEncoding = 4; lastKnownFileType = text; path = README.mkdn; sourceTree = "<group>"; };
		80C993AE2141D42A00C10E96 /* ResultScene.cpp */ = {isa = PBXFileReference; fileEncoding = 4; lastKnownFileType = sourcecode.cpp.cpp; path = ResultScene.cpp; sourceTree = "<group>"; };
		80C993AF2141D42A00C10E96 /* ResultScene.h */ = {isa = PBXFileReference; fileEncoding = 4; lastKnownFileType = sourcecode.c.h; path = ResultScene.h; sourceTree = "<group>"; };
		80C993B12141D42A00C10E96 /* PuzzleGameScene.h */ = {isa = PBXFileReference; fileEncoding = 4; lastKnownFileType = sourcecode.c.h; path = PuzzleGameScene.h; sourceTree = "<group>"; };
		80C993B22141D42A00C10E96 /* BattleCharIconSprite.h */ = {isa = PBXFileReference; fileEncoding = 4; lastKnownFileType = sourcecode.c.h; path = BattleCharIconSprite.h; sourceTree = "<group>"; };
		80C993B32141D42A00C10E96 /* BattleChar.h */ = {isa = PBXFileReference; fileEncoding = 4; lastKnownFileType = sourcecode.c.h; path = BattleChar.h; sourceTree = "<group>"; };
		80C993B42141D42A00C10E96 /* BattleCharSprite.cpp */ = {isa = PBXFileReference; fileEncoding = 4; lastKnownFileType = sourcecode.cpp.cpp; path = BattleCharSprite.cpp; sourceTree = "<group>"; };
		80C993B52141D42A00C10E96 /* PuzzleGameScene.cpp */ = {isa = PBXFileReference; fileEncoding = 4; lastKnownFileType = sourcecode.cpp.cpp; path = PuzzleGameScene.cpp; sourceTree = "<group>"; };
		80C993B62141D42A00C10E96 /* BattleCharIconSprite.cpp */ = {isa = PBXFileReference; fileEncoding = 4; lastKnownFileType = sourcecode.cpp.cpp; path = BattleCharIconSprite.cpp; sourceTree = "<group>"; };
		80C993B72141D42A00C10E96 /* BattleCharSprite.h */ = {isa = PBXFileReference; fileEncoding = 4; lastKnownFileType = sourcecode.c.h; path = BattleCharSprite.h; sourceTree = "<group>"; };
		80C993B82141D42A00C10E96 /* BattleChar.cpp */ = {isa = PBXFileReference; fileEncoding = 4; lastKnownFileType = sourcecode.cpp.cpp; path = BattleChar.cpp; sourceTree = "<group>"; };
		80C993B92141D42A00C10E96 /* PuzzleSprite.cpp */ = {isa = PBXFileReference; fileEncoding = 4; lastKnownFileType = sourcecode.cpp.cpp; path = PuzzleSprite.cpp; sourceTree = "<group>"; };
		80C993BA2141D42A00C10E96 /* PuzzleSprite.h */ = {isa = PBXFileReference; fileEncoding = 4; lastKnownFileType = sourcecode.c.h; path = PuzzleSprite.h; sourceTree = "<group>"; };
		80C993BC2141D42A00C10E96 /* TitleScene.cpp */ = {isa = PBXFileReference; fileEncoding = 4; lastKnownFileType = sourcecode.cpp.cpp; path = TitleScene.cpp; sourceTree = "<group>"; };
		80C993BD2141D42A00C10E96 /* TitleScene.h */ = {isa = PBXFileReference; fileEncoding = 4; lastKnownFileType = sourcecode.c.h; path = TitleScene.h; sourceTree = "<group>"; };
		80C993BF2141D42A00C10E96 /* MenuLayer.cpp */ = {isa = PBXFileReference; fileEncoding = 4; lastKnownFileType = sourcecode.cpp.cpp; path = MenuLayer.cpp; sourceTree = "<group>"; };
		80C993C12141D42A00C10E96 /* PartyScene.cpp */ = {isa = PBXFileReference; fileEncoding = 4; lastKnownFileType = sourcecode.cpp.cpp; path = PartyScene.cpp; sourceTree = "<group>"; };
		80C993C22141D42A00C10E96 /* PartyScene.h */ = {isa = PBXFileReference; fileEncoding = 4; lastKnownFileType = sourcecode.c.h; path = PartyScene.h; sourceTree = "<group>"; };
		80C993C32141D42A00C10E96 /* MenuLayer.h */ = {isa = PBXFileReference; fileEncoding = 4; lastKnownFileType = sourcecode.c.h; path = MenuLayer.h; sourceTree = "<group>"; };
		80C993C52141D42A00C10E96 /* OtherScene.cpp */ = {isa = PBXFileReference; fileEncoding = 4; lastKnownFileType = sourcecode.cpp.cpp; path = OtherScene.cpp; sourceTree = "<group>"; };
		80C993C62141D42A00C10E96 /* OtherScene.h */ = {isa = PBXFileReference; fileEncoding = 4; lastKnownFileType = sourcecode.c.h; path = OtherScene.h; sourceTree = "<group>"; };
		80C993C82141D42A00C10E96 /* MypageScene.h */ = {isa = PBXFileReference; fileEncoding = 4; lastKnownFileType = sourcecode.c.h; path = MypageScene.h; sourceTree = "<group>"; };
		80C993C92141D42A00C10E96 /* MypageScene.cpp */ = {isa = PBXFileReference; fileEncoding = 4; lastKnownFileType = sourcecode.cpp.cpp; path = MypageScene.cpp; sourceTree = "<group>"; };
		80C993CB2141D42A00C10E96 /* QuestScene.cpp */ = {isa = PBXFileReference; fileEncoding = 4; lastKnownFileType = sourcecode.cpp.cpp; path = QuestScene.cpp; sourceTree = "<group>"; };
		80C993CC2141D42A00C10E96 /* QuestScene.h */ = {isa = PBXFileReference; fileEncoding = 4; lastKnownFileType = sourcecode.c.h; path = QuestScene.h; sourceTree = "<group>"; };
		80C993CE2141D42A00C10E96 /* EvolutionScene.h */ = {isa = PBXFileReference; fileEncoding = 4; lastKnownFileType = sourcecode.c.h; path = EvolutionScene.h; sourceTree = "<group>"; };
		80C993CF2141D42A00C10E96 /* EvolutionScene.cpp */ = {isa = PBXFileReference; fileEncoding = 4; lastKnownFileType = sourcecode.cpp.cpp; path = EvolutionScene.cpp; sourceTree = "<group>"; };
		80C993D12141D42A00C10E96 /* SyntheticScene.h */ = {isa = PBXFileReference; fileEncoding = 4; lastKnownFileType = sourcecode.c.h; path = SyntheticScene.h; sourceTree = "<group>"; };
		80C993D22141D42A00C10E96 /* SyntheticScene.cpp */ = {isa = PBXFileReference; fileEncoding = 4; lastKnownFileType = sourcecode.cpp.cpp; path = SyntheticScene.cpp; sourceTree = "<group>"; };
		80C993D42141D42A00C10E96 /* CharSelectIconSprite.h */ = {isa = PBXFileReference; fileEncoding = 4; lastKnownFileType = sourcecode.c.h; path = CharSelectIconSprite.h; sourceTree = "<group>"; };
		80C993D52141D42A00C10E96 /* CharSelectSprite.cpp */ = {isa = PBXFileReference; fileEncoding = 4; lastKnownFileType = sourcecode.cpp.cpp; path = CharSelectSprite.cpp; sourceTree = "<group>"; };
		80C993D62141D42A00C10E96 /* CharSelectIconSprite.cpp */ = {isa = PBXFileReference; fileEncoding = 4; lastKnownFileType = sourcecode.cpp.cpp; path = CharSelectIconSprite.cpp; sourceTree = "<group>"; };
		80C993D72141D42A00C10E96 /* CharSelectSprite.h */ = {isa = PBXFileReference; fileEncoding = 4; lastKnownFileType = sourcecode.c.h; path = CharSelectSprite.h; sourceTree = "<group>"; };
		80C993D82141D42A00C10E96 /* CharselectScene.cpp */ = {isa = PBXFileReference; fileEncoding = 4; lastKnownFileType = sourcecode.cpp.cpp; path = CharselectScene.cpp; sourceTree = "<group>"; };
		80C993D92141D42A00C10E96 /* CharselectScene.h */ = {isa = PBXFileReference; fileEncoding = 4; lastKnownFileType = sourcecode.c.h; path = CharselectScene.h; sourceTree = "<group>"; };
		80C993DC2141D42B00C10E96 /* UserOptionData.cpp */ = {isa = PBXFileReference; fileEncoding = 4; lastKnownFileType = sourcecode.cpp.cpp; path = UserOptionData.cpp; sourceTree = "<group>"; };
		80C993DE2141D42B00C10E96 /* CharData.h */ = {isa = PBXFileReference; fileEncoding = 4; lastKnownFileType = sourcecode.c.h; path = CharData.h; sourceTree = "<group>"; };
		80C993DF2141D42B00C10E96 /* MapData.cpp */ = {isa = PBXFileReference; fileEncoding = 4; lastKnownFileType = sourcecode.cpp.cpp; path = MapData.cpp; sourceTree = "<group>"; };
		80C993E02141D42B00C10E96 /* CharData.cpp */ = {isa = PBXFileReference; fileEncoding = 4; lastKnownFileType = sourcecode.cpp.cpp; path = CharData.cpp; sourceTree = "<group>"; };
		80C993E12141D42B00C10E96 /* MapData.h */ = {isa = PBXFileReference; fileEncoding = 4; lastKnownFileType = sourcecode.c.h; path = MapData.h; sourceTree = "<group>"; };
		80C993E22141D42B00C10E96 /* UserOptionData.h */ = {isa = PBXFileReference; fileEncoding = 4; lastKnownFileType = sourcecode.c.h; path = UserOptionData.h; sourceTree = "<group>"; };
		80C993E32141D42B00C10E96 /* GameDataSQL.h */ = {isa = PBXFileReference; fileEncoding = 4; lastKnownFileType = sourcecode.c.h; path = GameDataSQL.h; sourceTree = "<group>"; };
		80C993E42141D42B00C10E96 /* GameDataSQL.cpp */ = {isa = PBXFileReference; fileEncoding = 4; lastKnownFileType = sourcecode.cpp.cpp; path = GameDataSQL.cpp; sourceTree = "<group>"; };
		80C993E52141D42B00C10E96 /* AppDelegate.cpp */ = {isa = PBXFileReference; fileEncoding = 4; lastKnownFileType = sourcecode.cpp.cpp; path = AppDelegate.cpp; sourceTree = "<group>"; };
		80C993E82141D42B00C10E96 /* AppInitalizer.h */ = {isa = PBXFileReference; fileEncoding = 4; lastKnownFileType = sourcecode.c.h; path = AppInitalizer.h; sourceTree = "<group>"; };
		80C993E92141D42B00C10E96 /* AppInitalizer.cpp */ = {isa = PBXFileReference; fileEncoding = 4; lastKnownFileType = sourcecode.cpp.cpp; path = AppInitalizer.cpp; sourceTree = "<group>"; };
		80C993EB2141D42B00C10E96 /* Converter.cpp */ = {isa = PBXFileReference; fileEncoding = 4; lastKnownFileType = sourcecode.cpp.cpp; path = Converter.cpp; sourceTree = "<group>"; };
		80C993EC2141D42B00C10E96 /* Converter.h */ = {isa = PBXFileReference; fileEncoding = 4; lastKnownFileType = sourcecode.c.h; path = Converter.h; sourceTree = "<group>"; };
		80C993EE2141D42B00C10E96 /* VisibleRect.cpp */ = {isa = PBXFileReference; fileEncoding = 4; lastKnownFileType = sourcecode.cpp.cpp; path = VisibleRect.cpp; sourceTree = "<group>"; };
		80C993EF2141D42B00C10E96 /* VisibleRect.h */ = {isa = PBXFileReference; fileEncoding = 4; lastKnownFileType = sourcecode.c.h; path = VisibleRect.h; sourceTree = "<group>"; };
		80C993F12141D42B00C10E96 /* ModalLayer.cpp */ = {isa = PBXFileReference; fileEncoding = 4; lastKnownFileType = sourcecode.cpp.cpp; path = ModalLayer.cpp; sourceTree = "<group>"; };
		80C993F22141D42B00C10E96 /* ModalLayer.h */ = {isa = PBXFileReference; fileEncoding = 4; lastKnownFileType = sourcecode.c.h; path = ModalLayer.h; sourceTree = "<group>"; };
		80C993F42141D42B00C10E96 /* testBasic.h */ = {isa = PBXFileReference; fileEncoding = 4; lastKnownFileType = sourcecode.c.h; path = testBasic.h; sourceTree = "<group>"; };
		80C993F52141D42B00C10E96 /* tests.h */ = {isa = PBXFileReference; fileEncoding = 4; lastKnownFileType = sourcecode.c.h; path = tests.h; sourceTree = "<group>"; };
		80C993F62141D42B00C10E96 /* Controller.h */ = {isa = PBXFileReference; fileEncoding = 4; lastKnownFileType = sourcecode.c.h; path = Controller.h; sourceTree = "<group>"; };
		80C993F72141D42B00C10E96 /* BaseTest.h */ = {isa = PBXFileReference; fileEncoding = 4; lastKnownFileType = sourcecode.c.h; path = BaseTest.h; sourceTree = "<group>"; };
		80C993F82141D42B00C10E96 /* Controller.cpp */ = {isa = PBXFileReference; fileEncoding = 4; lastKnownFileType = sourcecode.cpp.cpp; path = Controller.cpp; sourceTree = "<group>"; };
		80C993F92141D42B00C10E96 /* BaseTest.cpp */ = {isa = PBXFileReference; fileEncoding = 4; lastKnownFileType = sourcecode.cpp.cpp; path = BaseTest.cpp; sourceTree = "<group>"; };
		80C993FA2141D42B00C10E96 /* testResource.h */ = {isa = PBXFileReference; fileEncoding = 4; lastKnownFileType = sourcecode.c.h; path = testResource.h; sourceTree = "<group>"; };
		80C993FC2141D42B00C10E96 /* MathHelper.h */ = {isa = PBXFileReference; fileEncoding = 4; lastKnownFileType = sourcecode.c.h; path = MathHelper.h; sourceTree = "<group>"; };
		80C993FD2141D42B00C10E96 /* MathHelper.cpp */ = {isa = PBXFileReference; fileEncoding = 4; lastKnownFileType = sourcecode.cpp.cpp; path = MathHelper.cpp; sourceTree = "<group>"; };
		80C993FF2141D42B00C10E96 /* AudioManager.h */ = {isa = PBXFileReference; fileEncoding = 4; lastKnownFileType = sourcecode.c.h; path = AudioManager.h; sourceTree = "<group>"; };
		80C994002141D42B00C10E96 /* README.md */ = {isa = PBXFileReference; fileEncoding = 4; lastKnownFileType = net.daringfireball.markdown; path = README.md; sourceTree = "<group>"; };
		80C994012141D42B00C10E96 /* AudioManager.cpp */ = {isa = PBXFileReference; fileEncoding = 4; lastKnownFileType = sourcecode.cpp.cpp; path = AudioManager.cpp; sourceTree = "<group>"; };
		80C994472141D46F00C10E96 /* fonts */ = {isa = PBXFileReference; lastKnownFileType = folder; path = fonts; sourceTree = "<group>"; };
		80C994482141D46F00C10E96 /* master */ = {isa = PBXFileReference; lastKnownFileType = folder; path = master; sourceTree = "<group>"; };
		80C994492141D46F00C10E96 /* res */ = {isa = PBXFileReference; lastKnownFileType = folder; path = res; sourceTree = "<group>"; };
		80C9944A2141D46F00C10E96 /* asset */ = {isa = PBXFileReference; lastKnownFileType = folder; path = asset; sourceTree = "<group>"; };
		80C9944B2141D46F00C10E96 /* system */ = {isa = PBXFileReference; lastKnownFileType = folder; path = system; sourceTree = "<group>"; };
		80C9944C2141D47000C10E96 /* sound */ = {isa = PBXFileReference; lastKnownFileType = folder; path = sound; sourceTree = "<group>"; };
		80C9945B2141D4BF00C10E96 /* cocos2d_lua_bindings.xcodeproj */ = {isa = PBXFileReference; lastKnownFileType = "wrapper.pb-project"; name = cocos2d_lua_bindings.xcodeproj; path = "../cocos2d/cocos/scripting/lua-bindings/proj.ios_mac/cocos2d_lua_bindings.xcodeproj"; sourceTree = "<group>"; };
		8262943D1AAF051F00CB7CF7 /* Security.framework */ = {isa = PBXFileReference; lastKnownFileType = wrapper.framework; name = Security.framework; path = System/Library/Frameworks/Security.framework; sourceTree = SDKROOT; };
		BF170DB012928DE900B8313A /* OpenGLES.framework */ = {isa = PBXFileReference; lastKnownFileType = wrapper.framework; name = OpenGLES.framework; path = System/Library/Frameworks/OpenGLES.framework; sourceTree = SDKROOT; };
		BF170DB412928DE900B8313A /* libz.dylib */ = {isa = PBXFileReference; lastKnownFileType = "compiled.mach-o.dylib"; name = libz.dylib; path = usr/lib/libz.dylib; sourceTree = SDKROOT; };
		BF1C47EA1293683800B63C5D /* QuartzCore.framework */ = {isa = PBXFileReference; lastKnownFileType = wrapper.framework; name = QuartzCore.framework; path = System/Library/Frameworks/QuartzCore.framework; sourceTree = SDKROOT; };
		D44C620B132DFF330009C878 /* OpenAL.framework */ = {isa = PBXFileReference; lastKnownFileType = wrapper.framework; name = OpenAL.framework; path = System/Library/Frameworks/OpenAL.framework; sourceTree = SDKROOT; };
		D44C620D132DFF430009C878 /* AVFoundation.framework */ = {isa = PBXFileReference; lastKnownFileType = wrapper.framework; name = AVFoundation.framework; path = System/Library/Frameworks/AVFoundation.framework; sourceTree = SDKROOT; };
		D44C620F132DFF4E0009C878 /* AudioToolbox.framework */ = {isa = PBXFileReference; lastKnownFileType = wrapper.framework; name = AudioToolbox.framework; path = System/Library/Frameworks/AudioToolbox.framework; sourceTree = SDKROOT; };
		D6B0611A1803AB670077942B /* CoreMotion.framework */ = {isa = PBXFileReference; lastKnownFileType = wrapper.framework; name = CoreMotion.framework; path = Platforms/iPhoneOS.platform/Developer/SDKs/iPhoneOS.sdk/System/Library/Frameworks/CoreMotion.framework; sourceTree = DEVELOPER_DIR; };
		ED545A7B1B68A1F400C3958E /* libiconv.dylib */ = {isa = PBXFileReference; lastKnownFileType = "compiled.mach-o.dylib"; name = libiconv.dylib; path = Platforms/iPhoneOS.platform/Developer/SDKs/iPhoneOS.sdk/usr/lib/libiconv.dylib; sourceTree = DEVELOPER_DIR; };
		ED545A7D1B68A1FA00C3958E /* libiconv.dylib */ = {isa = PBXFileReference; lastKnownFileType = "compiled.mach-o.dylib"; name = libiconv.dylib; path = usr/lib/libiconv.dylib; sourceTree = SDKROOT; };
/* End PBXFileReference section */

/* Begin PBXFrameworksBuildPhase section */
		1D60588F0D05DD3D006BFB54 /* Frameworks */ = {
			isa = PBXFrameworksBuildPhase;
			buildActionMask = 2147483647;
			files = (
				80C9946C2141D53B00C10E96 /* libluacocos2d iOS.a in Frameworks */,
				294D0D641D0D56D500F7F5D4 /* CoreText.framework in Frameworks */,
				ED545A7C1B68A1F400C3958E /* libiconv.dylib in Frameworks */,
				52B47A471A53D09C004E4C60 /* Security.framework in Frameworks */,
				1AC6FB30180E99EB004C840B /* libcocos2d iOS.a in Frameworks */,
				D6B0611B1803AB670077942B /* CoreMotion.framework in Frameworks */,
				1D60589F0D05DD5A006BFB54 /* Foundation.framework in Frameworks */,
				1DF5F4E00D08C38300B7A737 /* UIKit.framework in Frameworks */,
				288765A50DF7441C002DB57D /* CoreGraphics.framework in Frameworks */,
				BF171245129291EC00B8313A /* OpenGLES.framework in Frameworks */,
				BF1712471292920000B8313A /* libz.dylib in Frameworks */,
				BF1C47F01293687400B63C5D /* QuartzCore.framework in Frameworks */,
				D44C620C132DFF330009C878 /* OpenAL.framework in Frameworks */,
				D44C620E132DFF430009C878 /* AVFoundation.framework in Frameworks */,
				D44C6210132DFF4E0009C878 /* AudioToolbox.framework in Frameworks */,
			);
			runOnlyForDeploymentPostprocessing = 0;
		};
		5087E75C17EB910900C73F5D /* Frameworks */ = {
			isa = PBXFrameworksBuildPhase;
			buildActionMask = 2147483647;
			files = (
				80C9946B2141D52E00C10E96 /* libluacocos2d Mac.a in Frameworks */,
				ED545A7E1B68A1FA00C3958E /* libiconv.dylib in Frameworks */,
				1AC6FB21180E996B004C840B /* libcocos2d Mac.a in Frameworks */,
				5087E76717EB910900C73F5D /* libz.dylib in Frameworks */,
				8262943E1AAF051F00CB7CF7 /* Security.framework in Frameworks */,
				503AE11B17EB9C5A00D1A890 /* IOKit.framework in Frameworks */,
				5087E78B17EB975400C73F5D /* OpenGL.framework in Frameworks */,
				5087E78917EB974C00C73F5D /* AppKit.framework in Frameworks */,
				5087E76317EB910900C73F5D /* Foundation.framework in Frameworks */,
				5087E76817EB910900C73F5D /* QuartzCore.framework in Frameworks */,
				5087E76917EB910900C73F5D /* OpenAL.framework in Frameworks */,
				5087E76A17EB910900C73F5D /* AVFoundation.framework in Frameworks */,
				5087E76B17EB910900C73F5D /* AudioToolbox.framework in Frameworks */,
			);
			runOnlyForDeploymentPostprocessing = 0;
		};
/* End PBXFrameworksBuildPhase section */

/* Begin PBXGroup section */
		19C28FACFE9D520D11CA2CBB /* Products */ = {
			isa = PBXGroup;
			children = (
				1D6058910D05DD3D006BFB54 /* PuzzleRPG-mobile.app */,
				5087E76F17EB910900C73F5D /* PuzzleRPG-desktop.app */,
			);
			name = Products;
			sourceTree = "<group>";
		};
		1AC6FAE6180E9839004C840B /* Products */ = {
			isa = PBXGroup;
			children = (
				1AC6FAF9180E9839004C840B /* libcocos2d Mac.a */,
				1AC6FB07180E9839004C840B /* libcocos2d iOS.a */,
				1A7533E31F6F75F6007E8E6F /* libcocos2d tvOS.a */,
			);
			name = Products;
			sourceTree = "<group>";
		};
		1AF87B461F6F77D6007BE51C /* ios */ = {
			isa = PBXGroup;
			children = (
				1A88B2631FC3D9C9005C14AE /* Images.xcassets */,
				1AF87B471F6F77D6007BE51C /* AppController.h */,
				1AF87B481F6F77D6007BE51C /* AppController.mm */,
				1AF87B581F6F77D6007BE51C /* Info.plist */,
				1AF87B591F6F77D6007BE51C /* LaunchScreen.storyboard */,
				1AF87B5A1F6F77D6007BE51C /* LaunchScreenBackground.png */,
				1AF87B5B1F6F77D6007BE51C /* main.m */,
				1AF87B5C1F6F77D6007BE51C /* Prefix.pch */,
				1AF87B5D1F6F77D6007BE51C /* RootViewController.h */,
				1AF87B5E1F6F77D6007BE51C /* RootViewController.mm */,
			);
			path = ios;
			sourceTree = "<group>";
		};
		29B97314FDCFA39411CA2CEA /* CustomTemplate */ = {
			isa = PBXGroup;
			children = (
				46880B8319C43A87006E1F66 /* Classes */,
				46880B7519C43A67006E1F66 /* Resources */,
				1AC6FAE5180E9839004C840B /* cocos2d_libs.xcodeproj */,
				80C9945B2141D4BF00C10E96 /* cocos2d_lua_bindings.xcodeproj */,
				29B97323FDCFA39411CA2CEA /* Frameworks */,
				1AF87B461F6F77D6007BE51C /* ios */,
				503AE10617EB990700D1A890 /* mac */,
				19C28FACFE9D520D11CA2CBB /* Products */,
			);
			name = CustomTemplate;
			sourceTree = "<group>";
		};
		29B97323FDCFA39411CA2CEA /* Frameworks */ = {
			isa = PBXGroup;
			children = (
				294D0D631D0D56D500F7F5D4 /* CoreText.framework */,
				ED545A7D1B68A1FA00C3958E /* libiconv.dylib */,
				ED545A7B1B68A1F400C3958E /* libiconv.dylib */,
				8262943D1AAF051F00CB7CF7 /* Security.framework */,
				52B47A461A53D09B004E4C60 /* Security.framework */,
				D6B0611A1803AB670077942B /* CoreMotion.framework */,
				503AE11A17EB9C5A00D1A890 /* IOKit.framework */,
				503AE11117EB99EE00D1A890 /* libcurl.dylib */,
				5087E78A17EB975400C73F5D /* OpenGL.framework */,
				5087E78817EB974C00C73F5D /* AppKit.framework */,
				1ACB3243164770DE00914215 /* libcurl.a */,
				BF170DB412928DE900B8313A /* libz.dylib */,
				D44C620F132DFF4E0009C878 /* AudioToolbox.framework */,
				D44C620D132DFF430009C878 /* AVFoundation.framework */,
				288765A40DF7441C002DB57D /* CoreGraphics.framework */,
				1D30AB110D05D00D00671497 /* Foundation.framework */,
				D44C620B132DFF330009C878 /* OpenAL.framework */,
				BF170DB012928DE900B8313A /* OpenGLES.framework */,
				BF1C47EA1293683800B63C5D /* QuartzCore.framework */,
				1DF5F4DF0D08C38300B7A737 /* UIKit.framework */,
			);
			name = Frameworks;
			sourceTree = "<group>";
		};
		46880B7519C43A67006E1F66 /* Resources */ = {
			isa = PBXGroup;
			children = (
				80C9944A2141D46F00C10E96 /* asset */,
				80C994472141D46F00C10E96 /* fonts */,
				80C994482141D46F00C10E96 /* master */,
				80C994492141D46F00C10E96 /* res */,
				80C9944C2141D47000C10E96 /* sound */,
				80C9944B2141D46F00C10E96 /* system */,
			);
			name = Resources;
			path = ../Resources;
			sourceTree = "<group>";
		};
		46880B8319C43A87006E1F66 /* Classes */ = {
			isa = PBXGroup;
			children = (
				80C993DB2141D42B00C10E96 /* GameData */,
				80C993A42141D42A00C10E96 /* Libs */,
				80C993AC2141D42A00C10E96 /* Scene */,
				80C993E62141D42B00C10E96 /* System */,
				80C993E52141D42B00C10E96 /* AppDelegate.cpp */,
				80C993A32141D42A00C10E96 /* AppDelegate.h */,
			);
			name = Classes;
			path = ../Classes;
			sourceTree = "<group>";
		};
		503AE0F517EB97AB00D1A890 /* Icons */ = {
			isa = PBXGroup;
			children = (
				503AE0F617EB97AB00D1A890 /* Icon.icns */,
				503AE0F717EB97AB00D1A890 /* Info.plist */,
			);
			name = Icons;
			path = mac;
			sourceTree = SOURCE_ROOT;
		};
		503AE10617EB990700D1A890 /* mac */ = {
			isa = PBXGroup;
			children = (
				503AE0F517EB97AB00D1A890 /* Icons */,
				503AE10317EB98FF00D1A890 /* main.cpp */,
				503AE10417EB98FF00D1A890 /* Prefix.pch */,
			);
			name = mac;
			sourceTree = "<group>";
		};
		80C993A42141D42A00C10E96 /* Libs */ = {
			isa = PBXGroup;
			children = (
				80C993A52141D42A00C10E96 /* sqlite */,
				80C993A92141D42A00C10E96 /* picojson */,
			);
			path = Libs;
			sourceTree = "<group>";
		};
		80C993A52141D42A00C10E96 /* sqlite */ = {
			isa = PBXGroup;
			children = (
				80C993A62141D42A00C10E96 /* sqlite3.c */,
				80C993A72141D42A00C10E96 /* sqlite3.h */,
				80C993A82141D42A00C10E96 /* sqlite3ext.h */,
			);
			path = sqlite;
			sourceTree = "<group>";
		};
		80C993A92141D42A00C10E96 /* picojson */ = {
			isa = PBXGroup;
			children = (
				80C993AA2141D42A00C10E96 /* picojson.h */,
				80C993AB2141D42A00C10E96 /* README.mkdn */,
			);
			path = picojson;
			sourceTree = "<group>";
		};
		80C993AC2141D42A00C10E96 /* Scene */ = {
			isa = PBXGroup;
			children = (
				80C993AD2141D42A00C10E96 /* Result */,
				80C993B02141D42A00C10E96 /* Puzzle */,
				80C993BB2141D42A00C10E96 /* Title */,
				80C993BE2141D42A00C10E96 /* Menu */,
				80C993D32141D42A00C10E96 /* Charselect */,
			);
			path = Scene;
			sourceTree = "<group>";
		};
		80C993AD2141D42A00C10E96 /* Result */ = {
			isa = PBXGroup;
			children = (
				80C993AE2141D42A00C10E96 /* ResultScene.cpp */,
				80C993AF2141D42A00C10E96 /* ResultScene.h */,
			);
			path = Result;
			sourceTree = "<group>";
		};
		80C993B02141D42A00C10E96 /* Puzzle */ = {
			isa = PBXGroup;
			children = (
				80C993B12141D42A00C10E96 /* PuzzleGameScene.h */,
				80C993B22141D42A00C10E96 /* BattleCharIconSprite.h */,
				80C993B32141D42A00C10E96 /* BattleChar.h */,
				80C993B42141D42A00C10E96 /* BattleCharSprite.cpp */,
				80C993B52141D42A00C10E96 /* PuzzleGameScene.cpp */,
				80C993B62141D42A00C10E96 /* BattleCharIconSprite.cpp */,
				80C993B72141D42A00C10E96 /* BattleCharSprite.h */,
				80C993B82141D42A00C10E96 /* BattleChar.cpp */,
				80C993B92141D42A00C10E96 /* PuzzleSprite.cpp */,
				80C993BA2141D42A00C10E96 /* PuzzleSprite.h */,
			);
			path = Puzzle;
			sourceTree = "<group>";
		};
		80C993BB2141D42A00C10E96 /* Title */ = {
			isa = PBXGroup;
			children = (
				80C993BC2141D42A00C10E96 /* TitleScene.cpp */,
				80C993BD2141D42A00C10E96 /* TitleScene.h */,
			);
			path = Title;
			sourceTree = "<group>";
		};
		80C993BE2141D42A00C10E96 /* Menu */ = {
			isa = PBXGroup;
			children = (
				80C993BF2141D42A00C10E96 /* MenuLayer.cpp */,
				80C993C02141D42A00C10E96 /* Party */,
				80C993C32141D42A00C10E96 /* MenuLayer.h */,
				80C993C42141D42A00C10E96 /* Other */,
				80C993C72141D42A00C10E96 /* Mypage */,
				80C993CA2141D42A00C10E96 /* Quest */,
				80C993CD2141D42A00C10E96 /* Evolution */,
				80C993D02141D42A00C10E96 /* Synthetic */,
			);
			path = Menu;
			sourceTree = "<group>";
		};
		80C993C02141D42A00C10E96 /* Party */ = {
			isa = PBXGroup;
			children = (
				80C993C12141D42A00C10E96 /* PartyScene.cpp */,
				80C993C22141D42A00C10E96 /* PartyScene.h */,
			);
			path = Party;
			sourceTree = "<group>";
		};
		80C993C42141D42A00C10E96 /* Other */ = {
			isa = PBXGroup;
			children = (
				80C993C52141D42A00C10E96 /* OtherScene.cpp */,
				80C993C62141D42A00C10E96 /* OtherScene.h */,
			);
			path = Other;
			sourceTree = "<group>";
		};
		80C993C72141D42A00C10E96 /* Mypage */ = {
			isa = PBXGroup;
			children = (
				80C993C82141D42A00C10E96 /* MypageScene.h */,
				80C993C92141D42A00C10E96 /* MypageScene.cpp */,
			);
			path = Mypage;
			sourceTree = "<group>";
		};
		80C993CA2141D42A00C10E96 /* Quest */ = {
			isa = PBXGroup;
			children = (
				80C993CB2141D42A00C10E96 /* QuestScene.cpp */,
				80C993CC2141D42A00C10E96 /* QuestScene.h */,
			);
			path = Quest;
			sourceTree = "<group>";
		};
		80C993CD2141D42A00C10E96 /* Evolution */ = {
			isa = PBXGroup;
			children = (
				80C993CE2141D42A00C10E96 /* EvolutionScene.h */,
				80C993CF2141D42A00C10E96 /* EvolutionScene.cpp */,
			);
			path = Evolution;
			sourceTree = "<group>";
		};
		80C993D02141D42A00C10E96 /* Synthetic */ = {
			isa = PBXGroup;
			children = (
				80C993D12141D42A00C10E96 /* SyntheticScene.h */,
				80C993D22141D42A00C10E96 /* SyntheticScene.cpp */,
			);
			path = Synthetic;
			sourceTree = "<group>";
		};
		80C993D32141D42A00C10E96 /* Charselect */ = {
			isa = PBXGroup;
			children = (
				80C993D42141D42A00C10E96 /* CharSelectIconSprite.h */,
				80C993D52141D42A00C10E96 /* CharSelectSprite.cpp */,
				80C993D62141D42A00C10E96 /* CharSelectIconSprite.cpp */,
				80C993D72141D42A00C10E96 /* CharSelectSprite.h */,
				80C993D82141D42A00C10E96 /* CharselectScene.cpp */,
				80C993D92141D42A00C10E96 /* CharselectScene.h */,
			);
			path = Charselect;
			sourceTree = "<group>";
		};
		80C993DB2141D42B00C10E96 /* GameData */ = {
			isa = PBXGroup;
			children = (
				80C993DD2141D42B00C10E96 /* json */,
				80C993DC2141D42B00C10E96 /* UserOptionData.cpp */,
				80C993E22141D42B00C10E96 /* UserOptionData.h */,
				80C993E32141D42B00C10E96 /* GameDataSQL.h */,
				80C993E42141D42B00C10E96 /* GameDataSQL.cpp */,
			);
			path = GameData;
			sourceTree = "<group>";
		};
		80C993DD2141D42B00C10E96 /* json */ = {
			isa = PBXGroup;
			children = (
				80C993DE2141D42B00C10E96 /* CharData.h */,
				80C993DF2141D42B00C10E96 /* MapData.cpp */,
				80C993E02141D42B00C10E96 /* CharData.cpp */,
				80C993E12141D42B00C10E96 /* MapData.h */,
			);
			path = json;
			sourceTree = "<group>";
		};
		80C993E62141D42B00C10E96 /* System */ = {
			isa = PBXGroup;
			children = (
				80C993E72141D42B00C10E96 /* App */,
				80C993EA2141D42B00C10E96 /* Converter */,
				80C993ED2141D42B00C10E96 /* VisibleRect */,
				80C993F02141D42B00C10E96 /* ModalLayer */,
				80C993F32141D42B00C10E96 /* DebugMenu */,
				80C993FB2141D42B00C10E96 /* MathHelper */,
				80C993FE2141D42B00C10E96 /* Audio */,
			);
			path = System;
			sourceTree = "<group>";
		};
		80C993E72141D42B00C10E96 /* App */ = {
			isa = PBXGroup;
			children = (
				80C993E82141D42B00C10E96 /* AppInitalizer.h */,
				80C993E92141D42B00C10E96 /* AppInitalizer.cpp */,
			);
			path = App;
			sourceTree = "<group>";
		};
		80C993EA2141D42B00C10E96 /* Converter */ = {
			isa = PBXGroup;
			children = (
				80C993EB2141D42B00C10E96 /* Converter.cpp */,
				80C993EC2141D42B00C10E96 /* Converter.h */,
			);
			path = Converter;
			sourceTree = "<group>";
		};
		80C993ED2141D42B00C10E96 /* VisibleRect */ = {
			isa = PBXGroup;
			children = (
				80C993EE2141D42B00C10E96 /* VisibleRect.cpp */,
				80C993EF2141D42B00C10E96 /* VisibleRect.h */,
			);
			path = VisibleRect;
			sourceTree = "<group>";
		};
		80C993F02141D42B00C10E96 /* ModalLayer */ = {
			isa = PBXGroup;
			children = (
				80C993F12141D42B00C10E96 /* ModalLayer.cpp */,
				80C993F22141D42B00C10E96 /* ModalLayer.h */,
			);
			path = ModalLayer;
			sourceTree = "<group>";
		};
		80C993F32141D42B00C10E96 /* DebugMenu */ = {
			isa = PBXGroup;
			children = (
				80C993F42141D42B00C10E96 /* testBasic.h */,
				80C993F52141D42B00C10E96 /* tests.h */,
				80C993F62141D42B00C10E96 /* Controller.h */,
				80C993F72141D42B00C10E96 /* BaseTest.h */,
				80C993F82141D42B00C10E96 /* Controller.cpp */,
				80C993F92141D42B00C10E96 /* BaseTest.cpp */,
				80C993FA2141D42B00C10E96 /* testResource.h */,
			);
			path = DebugMenu;
			sourceTree = "<group>";
		};
		80C993FB2141D42B00C10E96 /* MathHelper */ = {
			isa = PBXGroup;
			children = (
				80C993FC2141D42B00C10E96 /* MathHelper.h */,
				80C993FD2141D42B00C10E96 /* MathHelper.cpp */,
			);
			path = MathHelper;
			sourceTree = "<group>";
		};
		80C993FE2141D42B00C10E96 /* Audio */ = {
			isa = PBXGroup;
			children = (
				80C993FF2141D42B00C10E96 /* AudioManager.h */,
				80C994002141D42B00C10E96 /* README.md */,
				80C994012141D42B00C10E96 /* AudioManager.cpp */,
			);
			path = Audio;
			sourceTree = "<group>";
		};
		80C9945C2141D4BF00C10E96 /* Products */ = {
			isa = PBXGroup;
			children = (
				80C994622141D4BF00C10E96 /* libluacocos2d Mac.a */,
				80C994642141D4BF00C10E96 /* libluacocos2d iOS.a */,
				80C994662141D4BF00C10E96 /* libluacocos2d tvOS.a */,
			);
			name = Products;
			sourceTree = "<group>";
		};
/* End PBXGroup section */

/* Begin PBXNativeTarget section */
		1D6058900D05DD3D006BFB54 /* PuzzleRPG-mobile */ = {
			isa = PBXNativeTarget;
			buildConfigurationList = 1D6058960D05DD3E006BFB54 /* Build configuration list for PBXNativeTarget "PuzzleRPG-mobile" */;
			buildPhases = (
				1D60588D0D05DD3D006BFB54 /* Resources */,
				1D60588E0D05DD3D006BFB54 /* Sources */,
				1D60588F0D05DD3D006BFB54 /* Frameworks */,
			);
			buildRules = (
			);
			dependencies = (
				80C994682141D50500C10E96 /* PBXTargetDependency */,
				1AC6FB25180E99E1004C840B /* PBXTargetDependency */,
			);
			name = "PuzzleRPG-mobile";
			productName = iphone;
			productReference = 1D6058910D05DD3D006BFB54 /* PuzzleRPG-mobile.app */;
			productType = "com.apple.product-type.application";
		};
		5087E73D17EB910900C73F5D /* PuzzleRPG-desktop */ = {
			isa = PBXNativeTarget;
			buildConfigurationList = 5087E76C17EB910900C73F5D /* Build configuration list for PBXNativeTarget "PuzzleRPG-desktop" */;
			buildPhases = (
				5087E74817EB910900C73F5D /* Resources */,
				5087E75617EB910900C73F5D /* Sources */,
				5087E75C17EB910900C73F5D /* Frameworks */,
			);
			buildRules = (
			);
			dependencies = (
				80C9946A2141D50F00C10E96 /* PBXTargetDependency */,
				1AC6FB16180E9959004C840B /* PBXTargetDependency */,
			);
			name = "PuzzleRPG-desktop";
			productName = iphone;
			productReference = 5087E76F17EB910900C73F5D /* PuzzleRPG-desktop.app */;
			productType = "com.apple.product-type.application";
		};
/* End PBXNativeTarget section */

/* Begin PBXProject section */
		29B97313FDCFA39411CA2CEA /* Project object */ = {
			isa = PBXProject;
			attributes = {
				LastUpgradeCheck = 0500;
			};
			buildConfigurationList = C01FCF4E08A954540054247B /* Build configuration list for PBXProject "PuzzleRPG" */;
			compatibilityVersion = "Xcode 3.2";
			developmentRegion = English;
			hasScannedForEncodings = 1;
			knownRegions = (
				English,
				Japanese,
				French,
				German,
			);
			mainGroup = 29B97314FDCFA39411CA2CEA /* CustomTemplate */;
			projectDirPath = "";
			projectReferences = (
				{
					ProductGroup = 1AC6FAE6180E9839004C840B /* Products */;
					ProjectRef = 1AC6FAE5180E9839004C840B /* cocos2d_libs.xcodeproj */;
				},
				{
					ProductGroup = 80C9945C2141D4BF00C10E96 /* Products */;
					ProjectRef = 80C9945B2141D4BF00C10E96 /* cocos2d_lua_bindings.xcodeproj */;
				},
			);
			projectRoot = "";
			targets = (
				1D6058900D05DD3D006BFB54 /* PuzzleRPG-mobile */,
				5087E73D17EB910900C73F5D /* PuzzleRPG-desktop */,
			);
		};
/* End PBXProject section */

/* Begin PBXReferenceProxy section */
		1A7533E31F6F75F6007E8E6F /* libcocos2d tvOS.a */ = {
			isa = PBXReferenceProxy;
			fileType = archive.ar;
			path = "libcocos2d tvOS.a";
			remoteRef = 1A7533E21F6F75F6007E8E6F /* PBXContainerItemProxy */;
			sourceTree = BUILT_PRODUCTS_DIR;
		};
		1AC6FAF9180E9839004C840B /* libcocos2d Mac.a */ = {
			isa = PBXReferenceProxy;
			fileType = archive.ar;
			path = "libcocos2d Mac.a";
			remoteRef = 1AC6FAF8180E9839004C840B /* PBXContainerItemProxy */;
			sourceTree = BUILT_PRODUCTS_DIR;
		};
		1AC6FB07180E9839004C840B /* libcocos2d iOS.a */ = {
			isa = PBXReferenceProxy;
			fileType = archive.ar;
			path = "libcocos2d iOS.a";
			remoteRef = 1AC6FB06180E9839004C840B /* PBXContainerItemProxy */;
			sourceTree = BUILT_PRODUCTS_DIR;
		};
		80C994622141D4BF00C10E96 /* libluacocos2d Mac.a */ = {
			isa = PBXReferenceProxy;
			fileType = archive.ar;
			path = "libluacocos2d Mac.a";
			remoteRef = 80C994612141D4BF00C10E96 /* PBXContainerItemProxy */;
			sourceTree = BUILT_PRODUCTS_DIR;
		};
		80C994642141D4BF00C10E96 /* libluacocos2d iOS.a */ = {
			isa = PBXReferenceProxy;
			fileType = archive.ar;
			path = "libluacocos2d iOS.a";
			remoteRef = 80C994632141D4BF00C10E96 /* PBXContainerItemProxy */;
			sourceTree = BUILT_PRODUCTS_DIR;
		};
		80C994662141D4BF00C10E96 /* libluacocos2d tvOS.a */ = {
			isa = PBXReferenceProxy;
			fileType = archive.ar;
			path = "libluacocos2d tvOS.a";
			remoteRef = 80C994652141D4BF00C10E96 /* PBXContainerItemProxy */;
			sourceTree = BUILT_PRODUCTS_DIR;
		};
/* End PBXReferenceProxy section */

/* Begin PBXResourcesBuildPhase section */
		1D60588D0D05DD3D006BFB54 /* Resources */ = {
			isa = PBXResourcesBuildPhase;
			buildActionMask = 2147483647;
			files = (
				80C994532141D47000C10E96 /* res in Resources */,
				1A88B2641FC3D9C9005C14AE /* Images.xcassets in Resources */,
				80C994512141D47000C10E96 /* master in Resources */,
				80C994042141D42B00C10E96 /* README.mkdn in Resources */,
				80C994552141D47000C10E96 /* asset in Resources */,
				80C994592141D47000C10E96 /* sound in Resources */,
				80C9944F2141D47000C10E96 /* fonts in Resources */,
				1AF87B891F6F781D007BE51C /* LaunchScreenBackground.png in Resources */,
				80C994422141D42B00C10E96 /* README.md in Resources */,
				80C994572141D47000C10E96 /* system in Resources */,
				1AF87B881F6F781D007BE51C /* LaunchScreen.storyboard in Resources */,
			);
			runOnlyForDeploymentPostprocessing = 0;
		};
		5087E74817EB910900C73F5D /* Resources */ = {
			isa = PBXResourcesBuildPhase;
			buildActionMask = 2147483647;
			files = (
				80C994582141D47000C10E96 /* system in Resources */,
				80C994502141D47000C10E96 /* fonts in Resources */,
				80C994432141D42B00C10E96 /* README.md in Resources */,
				503AE0F817EB97AB00D1A890 /* Icon.icns in Resources */,
				80C994542141D47000C10E96 /* res in Resources */,
				80C994562141D47000C10E96 /* asset in Resources */,
				80C994522141D47000C10E96 /* master in Resources */,
				80C9945A2141D47000C10E96 /* sound in Resources */,
				80C994052141D42B00C10E96 /* README.mkdn in Resources */,
			);
			runOnlyForDeploymentPostprocessing = 0;
		};
/* End PBXResourcesBuildPhase section */

/* Begin PBXSourcesBuildPhase section */
		1D60588E0D05DD3D006BFB54 /* Sources */ = {
			isa = PBXSourcesBuildPhase;
			buildActionMask = 2147483647;
			files = (
				80C994302141D42B00C10E96 /* GameDataSQL.cpp in Sources */,
				80C994222141D42B00C10E96 /* CharSelectSprite.cpp in Sources */,
				80C994362141D42B00C10E96 /* Converter.cpp in Sources */,
				80C9941E2141D42B00C10E96 /* EvolutionScene.cpp in Sources */,
				80C994082141D42B00C10E96 /* BattleCharSprite.cpp in Sources */,
				80C9940A2141D42B00C10E96 /* PuzzleGameScene.cpp in Sources */,
				1AF87B781F6F77F7007BE51C /* AppController.mm in Sources */,
				80C9942E2141D42B00C10E96 /* CharData.cpp in Sources */,
				80C9942A2141D42B00C10E96 /* UserOptionData.cpp in Sources */,
				80C9942C2141D42B00C10E96 /* MapData.cpp in Sources */,
				80C9940C2141D42B00C10E96 /* BattleCharIconSprite.cpp in Sources */,
				80C994062141D42B00C10E96 /* ResultScene.cpp in Sources */,
				80C994182141D42B00C10E96 /* OtherScene.cpp in Sources */,
				80C994322141D42B00C10E96 /* AppDelegate.cpp in Sources */,
				80C994122141D42B00C10E96 /* TitleScene.cpp in Sources */,
				80C994402141D42B00C10E96 /* MathHelper.cpp in Sources */,
				80C994442141D42B00C10E96 /* AudioManager.cpp in Sources */,
				80C9940E2141D42B00C10E96 /* BattleChar.cpp in Sources */,
				80C9943C2141D42B00C10E96 /* Controller.cpp in Sources */,
				80C994102141D42B00C10E96 /* PuzzleSprite.cpp in Sources */,
				80C994202141D42B00C10E96 /* SyntheticScene.cpp in Sources */,
				80C994262141D42B00C10E96 /* CharselectScene.cpp in Sources */,
				80C994382141D42B00C10E96 /* VisibleRect.cpp in Sources */,
				80C994142141D42B00C10E96 /* MenuLayer.cpp in Sources */,
				80C9943A2141D42B00C10E96 /* ModalLayer.cpp in Sources */,
				1AF87B8B1F6F782A007BE51C /* RootViewController.mm in Sources */,
				80C9943E2141D42B00C10E96 /* BaseTest.cpp in Sources */,
				80C994342141D42B00C10E96 /* AppInitalizer.cpp in Sources */,
				1AF87B8A1F6F7822007BE51C /* main.m in Sources */,
				80C994242141D42B00C10E96 /* CharSelectIconSprite.cpp in Sources */,
				80C9941A2141D42B00C10E96 /* MypageScene.cpp in Sources */,
				80C994162141D42B00C10E96 /* PartyScene.cpp in Sources */,
				80C994022141D42B00C10E96 /* sqlite3.c in Sources */,
				80C9941C2141D42B00C10E96 /* QuestScene.cpp in Sources */,
			);
			runOnlyForDeploymentPostprocessing = 0;
		};
		5087E75617EB910900C73F5D /* Sources */ = {
			isa = PBXSourcesBuildPhase;
			buildActionMask = 2147483647;
			files = (
				80C9940B2141D42B00C10E96 /* PuzzleGameScene.cpp in Sources */,
				80C994172141D42B00C10E96 /* PartyScene.cpp in Sources */,
				80C994392141D42B00C10E96 /* VisibleRect.cpp in Sources */,
				503AE10517EB98FF00D1A890 /* main.cpp in Sources */,
				80C9942F2141D42B00C10E96 /* CharData.cpp in Sources */,
				80C994152141D42B00C10E96 /* MenuLayer.cpp in Sources */,
				80C9943F2141D42B00C10E96 /* BaseTest.cpp in Sources */,
				80C994232141D42B00C10E96 /* CharSelectSprite.cpp in Sources */,
				80C9942D2141D42B00C10E96 /* MapData.cpp in Sources */,
				80C9941B2141D42B00C10E96 /* MypageScene.cpp in Sources */,
				80C9943B2141D42B00C10E96 /* ModalLayer.cpp in Sources */,
				80C994132141D42B00C10E96 /* TitleScene.cpp in Sources */,
				80C994312141D42B00C10E96 /* GameDataSQL.cpp in Sources */,
				80C994112141D42B00C10E96 /* PuzzleSprite.cpp in Sources */,
				80C994452141D42B00C10E96 /* AudioManager.cpp in Sources */,
				80C994032141D42B00C10E96 /* sqlite3.c in Sources */,
				80C994412141D42B00C10E96 /* MathHelper.cpp in Sources */,
				80C994192141D42B00C10E96 /* OtherScene.cpp in Sources */,
				80C994272141D42B00C10E96 /* CharselectScene.cpp in Sources */,
				80C994372141D42B00C10E96 /* Converter.cpp in Sources */,
				80C9941D2141D42B00C10E96 /* QuestScene.cpp in Sources */,
				80C9940D2141D42B00C10E96 /* BattleCharIconSprite.cpp in Sources */,
				80C994092141D42B00C10E96 /* BattleCharSprite.cpp in Sources */,
				80C994252141D42B00C10E96 /* CharSelectIconSprite.cpp in Sources */,
				80C9943D2141D42B00C10E96 /* Controller.cpp in Sources */,
				80C994212141D42B00C10E96 /* SyntheticScene.cpp in Sources */,
				80C994072141D42B00C10E96 /* ResultScene.cpp in Sources */,
				80C994332141D42B00C10E96 /* AppDelegate.cpp in Sources */,
				80C9942B2141D42B00C10E96 /* UserOptionData.cpp in Sources */,
				80C994352141D42B00C10E96 /* AppInitalizer.cpp in Sources */,
				80C9941F2141D42B00C10E96 /* EvolutionScene.cpp in Sources */,
				80C9940F2141D42B00C10E96 /* BattleChar.cpp in Sources */,
			);
			runOnlyForDeploymentPostprocessing = 0;
		};
/* End PBXSourcesBuildPhase section */

/* Begin PBXTargetDependency section */
		1AC6FB16180E9959004C840B /* PBXTargetDependency */ = {
			isa = PBXTargetDependency;
			name = "cocos2dx Mac";
			targetProxy = 1AC6FB15180E9959004C840B /* PBXContainerItemProxy */;
		};
		1AC6FB25180E99E1004C840B /* PBXTargetDependency */ = {
			isa = PBXTargetDependency;
			name = "cocos2dx iOS";
			targetProxy = 1AC6FB24180E99E1004C840B /* PBXContainerItemProxy */;
		};
		80C994682141D50500C10E96 /* PBXTargetDependency */ = {
			isa = PBXTargetDependency;
			name = "libluacocos2d iOS";
			targetProxy = 80C994672141D50500C10E96 /* PBXContainerItemProxy */;
		};
		80C9946A2141D50F00C10E96 /* PBXTargetDependency */ = {
			isa = PBXTargetDependency;
			name = "libluacocos2d Mac";
			targetProxy = 80C994692141D50F00C10E96 /* PBXContainerItemProxy */;
		};
/* End PBXTargetDependency section */

/* Begin XCBuildConfiguration section */
		1D6058940D05DD3E006BFB54 /* Debug */ = {
			isa = XCBuildConfiguration;
			buildSettings = {
				ALWAYS_SEARCH_USER_PATHS = YES;
				ASSETCATALOG_COMPILER_APPICON_NAME = AppIcon;
				CODE_SIGN_IDENTITY = "iPhone Developer";
				COMPRESS_PNG_FILES = NO;
				ENABLE_BITCODE = NO;
				GCC_DYNAMIC_NO_PIC = NO;
				GCC_INLINES_ARE_PRIVATE_EXTERN = NO;
				GCC_PRECOMPILE_PREFIX_HEADER = YES;
				GCC_PREFIX_HEADER = ios/Prefix.pch;
				GCC_PREPROCESSOR_DEFINITIONS = (
					USE_FILE32API,
					"COCOS2D_DEBUG=1",
					"CC_ENABLE_CHIPMUNK_INTEGRATION=1",
				);
				GCC_SYMBOLS_PRIVATE_EXTERN = NO;
				HEADER_SEARCH_PATHS = "$(inherited)";
				INFOPLIST_FILE = ios/Info.plist;
				IPHONEOS_DEPLOYMENT_TARGET = 6.0;
				LIBRARY_SEARCH_PATHS = "";
				OTHER_LDFLAGS = (
					"$(_COCOS_LIB_IOS_BEGIN)",
					"$(_COCOS_LIB_IOS_END)",
				);
				SDKROOT = iphoneos;
				STRIP_PNG_TEXT = NO;
				TARGETED_DEVICE_FAMILY = "1,2";
				USER_HEADER_SEARCH_PATHS = "$(_COCOS_HEADER_IOS_BEGIN) $(_COCOS_HEADER_IOS_END)";
				VALID_ARCHS = "arm64 armv7";
			};
			name = Debug;
		};
		1D6058950D05DD3E006BFB54 /* Release */ = {
			isa = XCBuildConfiguration;
			buildSettings = {
				ALWAYS_SEARCH_USER_PATHS = YES;
				ASSETCATALOG_COMPILER_APPICON_NAME = AppIcon;
				CODE_SIGN_IDENTITY = "iPhone Developer";
				COMPRESS_PNG_FILES = NO;
				ENABLE_BITCODE = NO;
				GCC_INLINES_ARE_PRIVATE_EXTERN = NO;
				GCC_PRECOMPILE_PREFIX_HEADER = YES;
				GCC_PREFIX_HEADER = ios/Prefix.pch;
				GCC_PREPROCESSOR_DEFINITIONS = (
					USE_FILE32API,
					"CC_ENABLE_CHIPMUNK_INTEGRATION=1",
					NDEBUG,
				);
				GCC_SYMBOLS_PRIVATE_EXTERN = NO;
				HEADER_SEARCH_PATHS = "$(inherited)";
				INFOPLIST_FILE = ios/Info.plist;
				IPHONEOS_DEPLOYMENT_TARGET = 6.0;
				LIBRARY_SEARCH_PATHS = "";
				OTHER_LDFLAGS = (
					"$(_COCOS_LIB_IOS_BEGIN)",
					"$(_COCOS_LIB_IOS_END)",
				);
				SDKROOT = iphoneos;
				STRIP_PNG_TEXT = NO;
				TARGETED_DEVICE_FAMILY = "1,2";
				USER_HEADER_SEARCH_PATHS = "$(_COCOS_HEADER_IOS_BEGIN) $(_COCOS_HEADER_IOS_END)";
				VALID_ARCHS = "arm64 armv7";
			};
			name = Release;
		};
		5087E76D17EB910900C73F5D /* Debug */ = {
			isa = XCBuildConfiguration;
			buildSettings = {
				ALWAYS_SEARCH_USER_PATHS = YES;
				ARCHS = "$(ARCHS_STANDARD_64_BIT)";
				CLANG_CXX_LANGUAGE_STANDARD = "c++0x";
				CLANG_CXX_LIBRARY = "libc++";
				GCC_DYNAMIC_NO_PIC = NO;
				GCC_INLINES_ARE_PRIVATE_EXTERN = NO;
				GCC_PRECOMPILE_PREFIX_HEADER = YES;
				GCC_PREFIX_HEADER = mac/Prefix.pch;
				GCC_PREPROCESSOR_DEFINITIONS = (
					USE_FILE32API,
					"COCOS2D_DEBUG=1",
					"CC_ENABLE_CHIPMUNK_INTEGRATION=1",
				);
				GCC_SYMBOLS_PRIVATE_EXTERN = NO;
				HEADER_SEARCH_PATHS = (
					"$(inherited)",
					"$(SRCROOT)/../cocos2d/external/glfw3/include/mac",
				);
				INFOPLIST_FILE = mac/Info.plist;
				LIBRARY_SEARCH_PATHS = "";
				OTHER_LDFLAGS = (
					"$(_COCOS_LIB_MAC_BEGIN)",
					"$(_COCOS_LIB_MAC_END)",
				);
				USER_HEADER_SEARCH_PATHS = "$(_COCOS_HEADER_MAC_BEGIN) $(_COCOS_HEADER_MAC_END)";
			};
			name = Debug;
		};
		5087E76E17EB910900C73F5D /* Release */ = {
			isa = XCBuildConfiguration;
			buildSettings = {
				ALWAYS_SEARCH_USER_PATHS = YES;
				ARCHS = "$(ARCHS_STANDARD_64_BIT)";
				CLANG_CXX_LANGUAGE_STANDARD = "c++0x";
				CLANG_CXX_LIBRARY = "libc++";
				GCC_INLINES_ARE_PRIVATE_EXTERN = NO;
				GCC_PRECOMPILE_PREFIX_HEADER = YES;
				GCC_PREFIX_HEADER = mac/Prefix.pch;
				GCC_PREPROCESSOR_DEFINITIONS = (
					USE_FILE32API,
					"CC_ENABLE_CHIPMUNK_INTEGRATION=1",
					NDEBUG,
				);
				GCC_SYMBOLS_PRIVATE_EXTERN = NO;
				HEADER_SEARCH_PATHS = (
					"$(inherited)",
					"$(SRCROOT)/../cocos2d/external/glfw3/include/mac",
				);
				INFOPLIST_FILE = mac/Info.plist;
				LIBRARY_SEARCH_PATHS = "";
				OTHER_LDFLAGS = (
					"$(_COCOS_LIB_MAC_BEGIN)",
					"$(_COCOS_LIB_MAC_END)",
				);
				USER_HEADER_SEARCH_PATHS = "$(_COCOS_HEADER_MAC_BEGIN) $(_COCOS_HEADER_MAC_END)";
			};
			name = Release;
		};
		C01FCF4F08A954540054247B /* Debug */ = {
			isa = XCBuildConfiguration;
			buildSettings = {
				CLANG_CXX_LANGUAGE_STANDARD = "c++0x";
				CLANG_CXX_LIBRARY = "libc++";
				COPY_PHASE_STRIP = NO;
				GCC_OPTIMIZATION_LEVEL = 0;
				GCC_WARN_ABOUT_RETURN_TYPE = YES;
				GCC_WARN_UNUSED_VARIABLE = YES;
				HEADER_SEARCH_PATHS = (
					"$(SRCROOT)/../cocos2d",
					"$(SRCROOT)/../cocos2d/cocos/audio/include",
					"$(SRCROOT)/../cocos2d/cocos",
					"$(SRCROOT)/../cocos2d/extensions",
					"$(SRCROOT)/../cocos2d/external",
					"$(SRCROOT)/../cocos2d/external/chipmunk/include/chipmunk",
					"$(SRCROOT)/../cocos2d/cocos/editor-support",
					"$(SRCROOT)/../cocos2d/cocos/scripting/**",
					"$(SRCROOT)/../cocos2d/external/lua/**",
				);
				IPHONEOS_DEPLOYMENT_TARGET = 6.0;
				MACOSX_DEPLOYMENT_TARGET = 10.7;
				ONLY_ACTIVE_ARCH = YES;
				PRODUCT_NAME = "$(TARGET_NAME)";
				SDKROOT = macosx;
			};
			name = Debug;
		};
		C01FCF5008A954540054247B /* Release */ = {
			isa = XCBuildConfiguration;
			buildSettings = {
				CLANG_CXX_LANGUAGE_STANDARD = "c++0x";
				CLANG_CXX_LIBRARY = "libc++";
				GCC_WARN_ABOUT_RETURN_TYPE = YES;
				GCC_WARN_UNUSED_VARIABLE = YES;
				HEADER_SEARCH_PATHS = (
					"$(SRCROOT)/../cocos2d",
					"$(SRCROOT)/../cocos2d/cocos/audio/include",
					"$(SRCROOT)/../cocos2d/cocos",
					"$(SRCROOT)/../cocos2d/extensions",
					"$(SRCROOT)/../cocos2d/external",
					"$(SRCROOT)/../cocos2d/external/chipmunk/include/chipmunk",
					"$(SRCROOT)/../cocos2d/cocos/editor-support",
					"$(SRCROOT)/../cocos2d/cocos/scripting/**",
					"$(SRCROOT)/../cocos2d/external/lua/**",
				);
				IPHONEOS_DEPLOYMENT_TARGET = 6.0;
				MACOSX_DEPLOYMENT_TARGET = 10.7;
				OTHER_CFLAGS = "-DNS_BLOCK_ASSERTIONS=1";
				PRODUCT_NAME = "$(TARGET_NAME)";
				SDKROOT = macosx;
				VALIDATE_PRODUCT = YES;
			};
			name = Release;
		};
/* End XCBuildConfiguration section */

/* Begin XCConfigurationList section */
		1D6058960D05DD3E006BFB54 /* Build configuration list for PBXNativeTarget "PuzzleRPG-mobile" */ = {
			isa = XCConfigurationList;
			buildConfigurations = (
				1D6058940D05DD3E006BFB54 /* Debug */,
				1D6058950D05DD3E006BFB54 /* Release */,
			);
			defaultConfigurationIsVisible = 0;
			defaultConfigurationName = Debug;
		};
		5087E76C17EB910900C73F5D /* Build configuration list for PBXNativeTarget "PuzzleRPG-desktop" */ = {
			isa = XCConfigurationList;
			buildConfigurations = (
				5087E76D17EB910900C73F5D /* Debug */,
				5087E76E17EB910900C73F5D /* Release */,
			);
			defaultConfigurationIsVisible = 0;
			defaultConfigurationName = Debug;
		};
		C01FCF4E08A954540054247B /* Build configuration list for PBXProject "PuzzleRPG" */ = {
			isa = XCConfigurationList;
			buildConfigurations = (
				C01FCF4F08A954540054247B /* Debug */,
				C01FCF5008A954540054247B /* Release */,
			);
			defaultConfigurationIsVisible = 0;
			defaultConfigurationName = Debug;
		};
/* End XCConfigurationList section */
	};
	rootObject = 29B97313FDCFA39411CA2CEA /* Project object */;
}
